
Microsoft Visual Studio Solution File, Format Version 12.00
# Visual Studio Version 16
VisualStudioVersion = 16.0.31105.61
MinimumVisualStudioVersion = 10.0.40219.1
Project("{FAE04EC0-301F-11D3-BF4B-00C04F79EFBC}") = "DesafioBestMind", "DesafioBestMind\DesafioBestMind.csproj", "{B1DF698F-7B14-4E24-88C2-8CFDB7C23B3A}"
EndProject
Global
	GlobalSection(SolutionConfigurationPlatforms) = preSolution
		Debug|Any CPU = Debug|Any CPU
		Release|Any CPU = Release|Any CPU
	EndGlobalSection
	GlobalSection(ProjectConfigurationPlatforms) = postSolution
		{B1DF698F-7B14-4E24-88C2-8CFDB7C23B3A}.Debug|Any CPU.ActiveCfg = Debug|Any CPU
		{B1DF698F-7B14-4E24-88C2-8CFDB7C23B3A}.Debug|Any CPU.Build.0 = Debug|Any CPU
		{B1DF698F-7B14-4E24-88C2-8CFDB7C23B3A}.Release|Any CPU.ActiveCfg = Release|Any CPU
		{B1DF698F-7B14-4E24-88C2-8CFDB7C23B3A}.Release|Any CPU.Build.0 = Release|Any CPU
	EndGlobalSection
	GlobalSection(SolutionProperties) = preSolution
		HideSolutionNode = FALSE
	EndGlobalSection
	GlobalSection(ExtensibilityGlobals) = postSolution
		SolutionGuid = {4113CB48-09E7-416B-ADFF-EA448BEA4E66}
	EndGlobalSection
EndGlobal
